#
# This file is autogenerated by pip-compile with Python 3.10
# by the following command:
#
#    pip-compile --output-file=requirements.lock requirements.txt
#
absl-py==2.1.0
    # via rouge-score
adagio==0.2.6
    # via fugue
aiofiles==24.1.0
    # via
    #   gradio
    #   quart
    #   unstructured-client
aiohappyeyeballs==2.4.3
    # via aiohttp
aiohttp==3.11.8
    # via
    #   autorag
    #   datasets
    #   fsspec
    #   gradio
    #   langchain
    #   langchain-community
    #   llama-index-core
    #   llama-index-legacy
    #   voyageai
aiolimiter==1.1.0
    # via voyageai
aiosignal==1.3.1
    # via aiohttp
altair==5.5.0
    # via
    #   gradio
    #   streamlit
annotated-types==0.7.0
    # via pydantic
anthropic==0.28.1
    # via llama-index-llms-anthropic
anyio==4.6.2.post1
    # via
    #   anthropic
    #   httpx
    #   openai
    #   starlette
    #   watchfiles
appdirs==1.4.4
    # via
    #   fs
    #   ragas
asgiref==3.8.1
    # via opentelemetry-instrumentation-asgi
asttokens==2.4.1
    # via stack-data
async-timeout==4.0.3
    # via
    #   aiohttp
    #   langchain
attrs==24.2.0
    # via
    #   aiohttp
    #   jsonschema
    #   outcome
    #   referencing
    #   trio
authlib==1.3.1
    # via weaviate-client
autorag==0.3.10
    # via -r requirements.txt
backoff==2.2.1
    # via
    #   posthog
    #   unstructured
bcrypt==4.2.1
    # via chromadb
beautifulsoup4==4.12.3
    # via
    #   -r requirements.txt
    #   llama-index-readers-file
    #   unstructured
bleach==6.2.0
    # via panel
blinker==1.9.0
    # via
    #   flask
    #   quart
    #   streamlit
bm25s==0.2.5
    # via llama-index-retrievers-bm25
bokeh==3.6.1
    # via
    #   ipywidgets-bokeh
    #   panel
boto3==1.35.71
    # via llama-index-llms-bedrock
botocore==1.35.71
    # via
    #   boto3
    #   s3transfer
build==1.2.2.post1
    # via chromadb
cachetools==5.5.0
    # via
    #   google-auth
    #   streamlit
certifi==2024.8.30
    # via
    #   httpcore
    #   httpx
    #   kubernetes
    #   pinecone-client
    #   requests
    #   selenium
cffi==1.17.1
    # via cryptography
chardet==5.2.0
    # via unstructured
charset-normalizer==3.4.0
    # via
    #   pdfminer-six
    #   requests
chroma-hnswlib==0.7.6
    # via chromadb
chromadb==0.5.20
    # via
    #   -r requirements.txt
    #   autorag
    #   langchain-chroma
click==8.1.7
    # via
    #   -r requirements.txt
    #   autorag
    #   flask
    #   llama-parse
    #   nltk
    #   python-oxmsg
    #   quart
    #   streamlit
    #   typer
    #   uvicorn
cohere==5.11.4
    # via autorag
colorama==0.4.6
    # via sacrebleu
coloredlogs==15.0.1
    # via onnxruntime
comm==0.2.2
    # via
    #   ipykernel
    #   ipywidgets
contourpy==1.3.1
    # via
    #   bokeh
    #   matplotlib
couchbase==4.3.4
    # via autorag
cramjam==2.9.0
    # via fastparquet
cryptography==44.0.0
    # via
    #   authlib
    #   pdfminer-six
    #   unstructured-client
cycler==0.12.1
    # via matplotlib
dataclasses-json==0.6.7
    # via
    #   langchain-community
    #   llama-index-core
    #   llama-index-legacy
    #   unstructured
datacompy==0.14.4
    # via ragas
datasets==3.1.0
    # via
    #   evaluate
    #   ragas
debugpy==1.8.9
    # via ipykernel
decorator==5.1.1
    # via ipython
deprecated==1.2.15
    # via
    #   llama-index-core
    #   llama-index-legacy
    #   opentelemetry-api
    #   opentelemetry-exporter-otlp-proto-grpc
    #   opentelemetry-semantic-conventions
    #   pikepdf
dill==0.3.8
    # via
    #   datasets
    #   evaluate
    #   multiprocess
dirtyjson==1.0.8
    # via
    #   llama-index-core
    #   llama-index-legacy
distro==1.9.0
    # via
    #   anthropic
    #   openai
durationpy==0.9
    # via kubernetes
emoji==2.14.0
    # via
    #   autorag
    #   unstructured
et-xmlfile==2.0.0
    # via openpyxl
eval-type-backport==0.2.0
    # via unstructured-client
evaluate==0.4.3
    # via autorag
exceptiongroup==1.2.2
    # via
    #   anyio
    #   hypercorn
    #   ipython
    #   taskgroup
    #   trio
    #   trio-websocket
executing==2.1.0
    # via stack-data
fastapi==0.115.5
    # via
    #   chromadb
    #   gradio
    #   langchain-chroma
fastavro==1.9.7
    # via cohere
fastparquet==2024.11.0
    # via autorag
ffmpy==0.4.0
    # via gradio
filelock==3.16.1
    # via
    #   datasets
    #   huggingface-hub
    #   torch
    #   transformers
    #   triton
filetype==1.2.0
    # via
    #   llama-index-core
    #   unstructured
flask==3.1.0
    # via quart
flatbuffers==24.3.25
    # via onnxruntime
fonttools==4.55.0
    # via matplotlib
frozenlist==1.5.0
    # via
    #   aiohttp
    #   aiosignal
fs==2.4.16
    # via triad
fsspec[http]==2024.9.0
    # via
    #   datasets
    #   evaluate
    #   fastparquet
    #   gradio-client
    #   huggingface-hub
    #   llama-index-core
    #   llama-index-legacy
    #   torch
    #   triad
fugue==0.9.1
    # via datacompy
gitdb==4.0.11
    # via gitpython
gitpython==3.1.43
    # via streamlit
google-auth==2.36.0
    # via kubernetes
googleapis-common-protos==1.66.0
    # via opentelemetry-exporter-otlp-proto-grpc
gradio==3.36.1
    # via autorag
gradio-client==1.5.0
    # via gradio
greenlet==3.1.1
    # via sqlalchemy
grpcio==1.67.1
    # via
    #   chromadb
    #   grpcio-health-checking
    #   grpcio-tools
    #   opentelemetry-exporter-otlp-proto-grpc
    #   pymilvus
    #   weaviate-client
grpcio-health-checking==1.67.1
    # via weaviate-client
grpcio-tools==1.67.1
    # via weaviate-client
h11==0.14.0
    # via
    #   httpcore
    #   hypercorn
    #   uvicorn
    #   wsproto
h2==4.1.0
    # via hypercorn
hpack==4.0.0
    # via h2
html5lib==1.1
    # via unstructured
httpcore==1.0.7
    # via httpx
httptools==0.6.4
    # via uvicorn
httpx==0.27.0
    # via
    #   anthropic
    #   chromadb
    #   cohere
    #   gradio
    #   gradio-client
    #   langsmith
    #   llama-cloud
    #   llama-index-core
    #   llama-index-legacy
    #   mixedbread-ai
    #   openai
    #   unstructured-client
    #   weaviate-client
httpx-sse==0.4.0
    # via
    #   cohere
    #   langchain-community
huggingface-hub==0.26.2
    # via
    #   -r requirements.txt
    #   datasets
    #   evaluate
    #   gradio
    #   gradio-client
    #   sentence-transformers
    #   tokenizers
    #   transformers
humanfriendly==10.0
    # via coloredlogs
hypercorn==0.17.3
    # via quart
hyperframe==6.0.1
    # via h2
idna==3.10
    # via
    #   anyio
    #   httpx
    #   requests
    #   trio
    #   yarl
img2pdf==0.5.1
    # via -r requirements.txt
importlib-metadata==8.5.0
    # via opentelemetry-api
importlib-resources==6.4.5
    # via chromadb
ipykernel==6.29.5
    # via
    #   autorag
    #   ipywidgets-bokeh
ipython==8.29.0
    # via
    #   ipykernel
    #   ipywidgets
ipywidgets==8.1.5
    # via
    #   autorag
    #   ipywidgets-bokeh
ipywidgets-bokeh==1.6.0
    # via autorag
itsdangerous==2.2.0
    # via
    #   flask
    #   quart
jedi==0.19.2
    # via ipython
jinja2==3.1.4
    # via
    #   altair
    #   bokeh
    #   flask
    #   gradio
    #   pydeck
    #   quart
    #   torch
jiter==0.8.0
    # via
    #   anthropic
    #   openai
jmespath==1.0.1
    # via
    #   boto3
    #   botocore
joblib==1.4.2
    # via
    #   nltk
    #   scikit-learn
jsonpatch==1.33
    # via langchain-core
jsonpath-python==1.0.6
    # via unstructured-client
jsonpointer==3.0.0
    # via jsonpatch
jsonschema==4.23.0
    # via altair
jsonschema-specifications==2024.10.1
    # via jsonschema
jupyter-client==8.6.3
    # via ipykernel
jupyter-core==5.7.2
    # via
    #   ipykernel
    #   jupyter-client
jupyterlab-widgets==3.0.13
    # via ipywidgets
kiwipiepy==0.20.2
    # via -r requirements.txt
kiwipiepy-model==0.20.0
    # via kiwipiepy
kiwisolver==1.4.7
    # via matplotlib
kubernetes==31.0.0
    # via chromadb
langchain==0.3.9
    # via
    #   -r requirements.txt
    #   langchain-community
    #   ragas
langchain-chroma==0.1.4
    # via -r requirements.txt
langchain-community==0.3.8
    # via
    #   -r requirements.txt
    #   autorag
    #   langchain-experimental
    #   ragas
langchain-core==0.3.21
    # via
    #   -r requirements.txt
    #   autorag
    #   langchain
    #   langchain-chroma
    #   langchain-community
    #   langchain-experimental
    #   langchain-openai
    #   langchain-text-splitters
    #   langchain-unstructured
    #   langchain-upstage
    #   ragas
langchain-experimental==0.3.3
    # via -r requirements.txt
langchain-openai==0.2.10
    # via
    #   -r requirements.txt
    #   langchain-upstage
    #   ragas
langchain-text-splitters==0.3.2
    # via langchain
langchain-unstructured==0.1.6
    # via autorag
langchain-upstage==0.3.0
    # via
    #   -r requirements.txt
    #   autorag
langchainhub==0.1.21
    # via -r requirements.txt
langdetect==1.0.9
    # via unstructured
langsmith==0.1.147
    # via
    #   -r requirements.txt
    #   langchain
    #   langchain-community
    #   langchain-core
linkify-it-py==2.0.3
    # via
    #   markdown-it-py
    #   panel
llama-cloud==0.1.5
    # via llama-index-indices-managed-llama-cloud
llama-index[all]==0.11.22
    # via
    #   -r requirements.txt
    #   autorag
    #   ragas
llama-index-agent-openai==0.3.4
    # via
    #   llama-index
    #   llama-index-program-openai
llama-index-cli==0.3.1
    # via llama-index
llama-index-core==0.11.23
    # via
    #   autorag
    #   llama-index
    #   llama-index-agent-openai
    #   llama-index-cli
    #   llama-index-embeddings-openai
    #   llama-index-indices-managed-llama-cloud
    #   llama-index-llms-anthropic
    #   llama-index-llms-bedrock
    #   llama-index-llms-openai
    #   llama-index-llms-openai-like
    #   llama-index-llms-upstage
    #   llama-index-multi-modal-llms-openai
    #   llama-index-program-openai
    #   llama-index-question-gen-openai
    #   llama-index-readers-file
    #   llama-index-readers-llama-parse
    #   llama-index-retrievers-bm25
    #   llama-parse
llama-index-embeddings-openai==0.2.5
    # via
    #   autorag
    #   llama-index
    #   llama-index-cli
llama-index-indices-managed-llama-cloud==0.6.0
    # via llama-index
llama-index-legacy==0.9.48.post4
    # via llama-index
llama-index-llms-anthropic==0.2.1
    # via llama-index-llms-bedrock
llama-index-llms-bedrock==0.2.6
    # via autorag
llama-index-llms-openai==0.2.16
    # via
    #   autorag
    #   llama-index
    #   llama-index-agent-openai
    #   llama-index-cli
    #   llama-index-llms-openai-like
    #   llama-index-llms-upstage
    #   llama-index-multi-modal-llms-openai
    #   llama-index-program-openai
    #   llama-index-question-gen-openai
llama-index-llms-openai-like==0.2.0
    # via autorag
llama-index-llms-upstage==0.2.1
    # via -r requirements.txt
llama-index-multi-modal-llms-openai==0.2.3
    # via llama-index
llama-index-program-openai==0.2.0
    # via
    #   llama-index
    #   llama-index-question-gen-openai
llama-index-question-gen-openai==0.2.0
    # via llama-index
llama-index-readers-file==0.2.2
    # via
    #   autorag
    #   llama-index
llama-index-readers-llama-parse==0.3.0
    # via llama-index
llama-index-retrievers-bm25==0.4.0
    # via autorag
llama-parse==0.5.15
    # via llama-index-readers-llama-parse
lxml==5.3.0
    # via
    #   pikepdf
    #   sacrebleu
    #   unstructured
markdown==3.7
    # via panel
markdown-it-py[linkify]==2.2.0
    # via
    #   gradio
    #   mdit-py-plugins
    #   panel
    #   rich
markupsafe==3.0.2
    # via
    #   gradio
    #   jinja2
    #   quart
    #   werkzeug
marshmallow==3.23.1
    # via dataclasses-json
matplotlib==3.9.2
    # via
    #   gradio
    #   seaborn
matplotlib-inline==0.1.7
    # via
    #   ipykernel
    #   ipython
mdit-py-plugins==0.3.3
    # via
    #   gradio
    #   panel
mdurl==0.1.2
    # via markdown-it-py
milvus-lite==2.4.10
    # via pymilvus
mixedbread-ai==2.2.6
    # via autorag
mmh3==5.0.1
    # via chromadb
monotonic==1.6
    # via posthog
mpmath==1.3.0
    # via sympy
multidict==6.1.0
    # via
    #   aiohttp
    #   yarl
multiprocess==0.70.16
    # via
    #   datasets
    #   evaluate
mypy-extensions==1.0.0
    # via typing-inspect
narwhals==1.14.2
    # via altair
nest-asyncio==1.6.0
    # via
    #   ipykernel
    #   llama-index-core
    #   llama-index-legacy
    #   ragas
    #   unstructured-client
networkx==3.4.2
    # via
    #   llama-index-core
    #   llama-index-legacy
    #   torch
nltk==3.9.1
    # via
    #   llama-index
    #   llama-index-core
    #   llama-index-legacy
    #   ragas
    #   rouge-score
    #   unstructured
numpy==1.26.4
    # via
    #   autorag
    #   bm25s
    #   bokeh
    #   chroma-hnswlib
    #   chromadb
    #   contourpy
    #   datacompy
    #   datasets
    #   evaluate
    #   fastparquet
    #   gradio
    #   kiwipiepy
    #   langchain
    #   langchain-chroma
    #   langchain-community
    #   llama-index-core
    #   llama-index-legacy
    #   matplotlib
    #   onnxruntime
    #   pandas
    #   pydeck
    #   ragas
    #   rank-bm25
    #   rouge-score
    #   sacrebleu
    #   scikit-learn
    #   scipy
    #   seaborn
    #   streamlit
    #   transformers
    #   triad
    #   unstructured
    #   voyageai
nvidia-cublas-cu12==12.4.5.8
    # via
    #   nvidia-cudnn-cu12
    #   nvidia-cusolver-cu12
    #   torch
nvidia-cuda-cupti-cu12==12.4.127
    # via torch
nvidia-cuda-nvrtc-cu12==12.4.127
    # via torch
nvidia-cuda-runtime-cu12==12.4.127
    # via torch
nvidia-cudnn-cu12==9.1.0.70
    # via torch
nvidia-cufft-cu12==11.2.1.3
    # via torch
nvidia-curand-cu12==10.3.5.147
    # via torch
nvidia-cusolver-cu12==11.6.1.9
    # via torch
nvidia-cusparse-cu12==12.3.1.170
    # via
    #   nvidia-cusolver-cu12
    #   torch
nvidia-nccl-cu12==2.21.5
    # via torch
nvidia-nvjitlink-cu12==12.4.127
    # via
    #   nvidia-cusolver-cu12
    #   nvidia-cusparse-cu12
    #   torch
nvidia-nvtx-cu12==12.4.127
    # via torch
oauthlib==3.2.2
    # via
    #   kubernetes
    #   requests-oauthlib
olefile==0.47
    # via python-oxmsg
onnxruntime==1.19.2
    # via
    #   chromadb
    #   langchain-unstructured
openai==1.55.2
    # via
    #   -r requirements.txt
    #   autorag
    #   langchain-openai
    #   llama-index-agent-openai
    #   llama-index-embeddings-openai
    #   llama-index-legacy
    #   llama-index-llms-openai
    #   llama-index-llms-upstage
    #   ragas
openpyxl==3.1.5
    # via -r requirements.txt
opentelemetry-api==1.28.2
    # via
    #   chromadb
    #   opentelemetry-exporter-otlp-proto-grpc
    #   opentelemetry-instrumentation
    #   opentelemetry-instrumentation-asgi
    #   opentelemetry-instrumentation-fastapi
    #   opentelemetry-sdk
    #   opentelemetry-semantic-conventions
opentelemetry-exporter-otlp-proto-common==1.28.2
    # via opentelemetry-exporter-otlp-proto-grpc
opentelemetry-exporter-otlp-proto-grpc==1.28.2
    # via chromadb
opentelemetry-instrumentation==0.49b2
    # via
    #   opentelemetry-instrumentation-asgi
    #   opentelemetry-instrumentation-fastapi
opentelemetry-instrumentation-asgi==0.49b2
    # via opentelemetry-instrumentation-fastapi
opentelemetry-instrumentation-fastapi==0.49b2
    # via chromadb
opentelemetry-proto==1.28.2
    # via
    #   opentelemetry-exporter-otlp-proto-common
    #   opentelemetry-exporter-otlp-proto-grpc
opentelemetry-sdk==1.28.2
    # via
    #   chromadb
    #   opentelemetry-exporter-otlp-proto-grpc
opentelemetry-semantic-conventions==0.49b2
    # via
    #   opentelemetry-instrumentation
    #   opentelemetry-instrumentation-asgi
    #   opentelemetry-instrumentation-fastapi
    #   opentelemetry-sdk
opentelemetry-util-http==0.49b2
    # via
    #   opentelemetry-instrumentation-asgi
    #   opentelemetry-instrumentation-fastapi
ordered-set==4.1.0
    # via datacompy
orjson==3.10.12
    # via
    #   chromadb
    #   gradio
    #   langsmith
outcome==1.3.0.post0
    # via trio
overrides==7.7.0
    # via chromadb
packaging==24.2
    # via
    #   altair
    #   bokeh
    #   build
    #   datasets
    #   evaluate
    #   fastparquet
    #   gradio-client
    #   huggingface-hub
    #   ipykernel
    #   langchain-core
    #   langchainhub
    #   marshmallow
    #   matplotlib
    #   onnxruntime
    #   opentelemetry-instrumentation
    #   panel
    #   pikepdf
    #   streamlit
    #   transformers
pandas==2.2.3
    # via
    #   -r requirements.txt
    #   autorag
    #   bokeh
    #   datacompy
    #   datasets
    #   evaluate
    #   fastparquet
    #   gradio
    #   llama-index-legacy
    #   llama-index-readers-file
    #   panel
    #   pymilvus
    #   ragas
    #   seaborn
    #   streamlit
    #   triad
panel==1.5.4
    # via autorag
param==2.1.1
    # via
    #   panel
    #   pyviz-comms
parameterized==0.9.0
    # via cohere
parso==0.8.4
    # via jedi
pdf2image==1.17.0
    # via -r requirements.txt
pdfminer-six==20231228
    # via pdfplumber
pdfplumber==0.11.4
    # via -r requirements.txt
pexpect==4.9.0
    # via ipython
pikepdf==9.4.2
    # via img2pdf
pillow==11.0.0
    # via
    #   -r requirements.txt
    #   bokeh
    #   gradio
    #   img2pdf
    #   llama-index-core
    #   matplotlib
    #   pdf2image
    #   pdfplumber
    #   pikepdf
    #   sentence-transformers
    #   streamlit
    #   voyageai
pinecone[grpc]==5.0.1
    # via autorag
pinecone-client==5.0.1
    # via pinecone
pinecone-plugin-inference==1.1.0
    # via
    #   pinecone
    #   pinecone-client
pinecone-plugin-interface==0.0.7
    # via
    #   pinecone
    #   pinecone-client
    #   pinecone-plugin-inference
platformdirs==4.3.6
    # via jupyter-core
polars==1.12.0
    # via datacompy
portalocker==3.0.0
    # via sacrebleu
posthog==3.7.4
    # via chromadb
priority==2.0.0
    # via hypercorn
prompt-toolkit==3.0.48
    # via ipython
propcache==0.2.0
    # via
    #   aiohttp
    #   yarl
protobuf==5.29.0
    # via
    #   googleapis-common-protos
    #   grpcio-health-checking
    #   grpcio-tools
    #   onnxruntime
    #   opentelemetry-proto
    #   pymilvus
    #   streamlit
psutil==6.1.0
    # via
    #   ipykernel
    #   unstructured
ptyprocess==0.7.0
    # via pexpect
pure-eval==0.2.3
    # via stack-data
pyarrow==18.1.0
    # via
    #   autorag
    #   datasets
    #   streamlit
    #   triad
pyasn1==0.6.1
    # via
    #   pyasn1-modules
    #   rsa
pyasn1-modules==0.4.1
    # via google-auth
pycparser==2.22
    # via cffi
pydantic==2.9.2
    # via
    #   anthropic
    #   chromadb
    #   cohere
    #   fastapi
    #   gradio
    #   langchain
    #   langchain-core
    #   langsmith
    #   llama-cloud
    #   llama-index-core
    #   llama-parse
    #   mixedbread-ai
    #   openai
    #   pydantic-settings
    #   ragas
    #   unstructured-client
    #   voyageai
    #   weaviate-client
pydantic-core==2.23.4
    # via
    #   cohere
    #   pydantic
pydantic-settings==2.6.1
    # via langchain-community
pydeck==0.9.1
    # via streamlit
pydub==0.25.1
    # via gradio
pygments==2.18.0
    # via
    #   gradio
    #   ipython
    #   rich
pymilvus==2.5.0
    # via autorag
pymupdf==1.24.14
    # via -r requirements.txt
pyngrok==7.2.1
    # via autorag
pyparsing==3.2.0
    # via matplotlib
pypdf==4.3.1
    # via
    #   langchain-upstage
    #   llama-index-readers-file
    #   unstructured-client
pypdf2==3.0.1
    # via -r requirements.txt
pypdfium2==4.30.0
    # via pdfplumber
pypika==0.48.9
    # via chromadb
pyproject-hooks==1.2.0
    # via build
pysbd==0.3.4
    # via ragas
pysocks==1.7.1
    # via urllib3
pystemmer==2.2.0.3
    # via llama-index-retrievers-bm25
python-dateutil==2.9.0.post0
    # via
    #   botocore
    #   jupyter-client
    #   kubernetes
    #   matplotlib
    #   pandas
    #   posthog
    #   unstructured-client
python-dotenv==1.0.1
    # via
    #   -r requirements.txt
    #   pydantic-settings
    #   pymilvus
    #   uvicorn
python-iso639==2024.10.22
    # via unstructured
python-magic==0.4.27
    # via unstructured
python-multipart==0.0.17
    # via gradio
python-oxmsg==0.0.1
    # via unstructured
pytz==2024.2
    # via pandas
pyviz-comms==3.0.3
    # via panel
pyyaml==6.0.2
    # via
    #   autorag
    #   bokeh
    #   chromadb
    #   datasets
    #   gradio
    #   huggingface-hub
    #   kubernetes
    #   langchain
    #   langchain-community
    #   langchain-core
    #   llama-index-core
    #   pyngrok
    #   transformers
    #   uvicorn
pyzmq==26.2.0
    # via
    #   ipykernel
    #   jupyter-client
quart==0.19.9
    # via autorag
ragas[all]==0.2.6
    # via -r requirements.txt
rank-bm25==0.2.2
    # via autorag
rapidfuzz==3.10.1
    # via
    #   ragas
    #   unstructured
referencing==0.35.1
    # via
    #   jsonschema
    #   jsonschema-specifications
regex==2024.11.6
    # via
    #   nltk
    #   sacrebleu
    #   tiktoken
    #   transformers
requests==2.32.3
    # via
    #   -r requirements.txt
    #   cohere
    #   datasets
    #   evaluate
    #   gradio
    #   huggingface-hub
    #   kubernetes
    #   langchain
    #   langchain-community
    #   langchain-upstage
    #   langchainhub
    #   langsmith
    #   llama-index-core
    #   llama-index-legacy
    #   panel
    #   posthog
    #   requests-oauthlib
    #   requests-toolbelt
    #   streamlit
    #   tiktoken
    #   transformers
    #   unstructured
    #   voyageai
    #   weaviate-client
requests-oauthlib==2.0.0
    # via kubernetes
requests-toolbelt==1.0.0
    # via
    #   langsmith
    #   unstructured-client
rich==13.9.4
    # via
    #   autorag
    #   chromadb
    #   streamlit
    #   typer
rouge-score==0.1.2
    # via
    #   autorag
    #   ragas
rpds-py==0.21.0
    # via
    #   jsonschema
    #   referencing
rsa==4.9
    # via google-auth
s3transfer==0.10.4
    # via boto3
sacrebleu==2.4.3
    # via autorag
safetensors==0.4.5
    # via transformers
scikit-learn==1.5.2
    # via
    #   autorag
    #   sentence-transformers
scipy==1.14.1
    # via
    #   bm25s
    #   scikit-learn
    #   sentence-transformers
seaborn==0.13.2
    # via autorag
selenium==4.27.1
    # via -r requirements.txt
semantic-version==2.10.0
    # via gradio
sentence-transformers==3.3.1
    # via ragas
shellingham==1.5.4
    # via typer
six==1.16.0
    # via
    #   asttokens
    #   fs
    #   html5lib
    #   kubernetes
    #   langdetect
    #   posthog
    #   python-dateutil
    #   rouge-score
    #   triad
smmap==5.0.1
    # via gitdb
sniffio==1.3.1
    # via
    #   anthropic
    #   anyio
    #   httpx
    #   openai
    #   trio
sortedcontainers==2.4.0
    # via trio
soupsieve==2.6
    # via beautifulsoup4
sqlalchemy[asyncio]==2.0.35
    # via
    #   langchain
    #   langchain-community
    #   llama-index-core
    #   llama-index-legacy
stack-data==0.6.3
    # via ipython
starlette==0.41.3
    # via fastapi
streamlit==1.40.2
    # via autorag
striprtf==0.0.26
    # via llama-index-readers-file
sympy==1.13.1
    # via
    #   onnxruntime
    #   torch
tabulate==0.9.0
    # via sacrebleu
taskgroup==0.0.0a4
    # via hypercorn
tenacity==8.5.0
    # via
    #   chromadb
    #   langchain
    #   langchain-community
    #   langchain-core
    #   llama-index-core
    #   llama-index-legacy
    #   streamlit
    #   voyageai
threadpoolctl==3.5.0
    # via scikit-learn
tiktoken==0.8.0
    # via
    #   -r requirements.txt
    #   autorag
    #   langchain-openai
    #   llama-index-core
    #   llama-index-legacy
    #   ragas
    #   tokenlog
tokenizers==0.19.1
    # via
    #   anthropic
    #   chromadb
    #   cohere
    #   langchain-upstage
    #   llama-index-llms-upstage
    #   transformers
    #   voyageai
tokenlog==0.0.2
    # via autorag
toml==0.10.2
    # via streamlit
tomli==2.2.1
    # via
    #   build
    #   hypercorn
torch==2.5.1
    # via sentence-transformers
tornado==6.4.2
    # via
    #   bokeh
    #   ipykernel
    #   jupyter-client
    #   streamlit
tqdm==4.67.1
    # via
    #   autorag
    #   chromadb
    #   datasets
    #   evaluate
    #   huggingface-hub
    #   kiwipiepy
    #   llama-index-core
    #   milvus-lite
    #   nltk
    #   openai
    #   panel
    #   pinecone-client
    #   sentence-transformers
    #   transformers
    #   unstructured
traitlets==5.14.3
    # via
    #   comm
    #   ipykernel
    #   ipython
    #   ipywidgets
    #   jupyter-client
    #   jupyter-core
    #   matplotlib-inline
transformers==4.44.2
    # via
    #   llama-index-llms-openai-like
    #   ragas
    #   sentence-transformers
    #   tokenlog
triad==0.9.8
    # via
    #   adagio
    #   fugue
trio==0.27.0
    # via
    #   selenium
    #   trio-websocket
trio-websocket==0.11.1
    # via selenium
triton==3.1.0
    # via torch
typer==0.13.1
    # via chromadb
types-requests==2.32.0.20241016
    # via
    #   cohere
    #   langchainhub
typing-extensions==4.12.2
    # via
    #   altair
    #   anthropic
    #   anyio
    #   asgiref
    #   chromadb
    #   cohere
    #   fastapi
    #   gradio-client
    #   huggingface-hub
    #   hypercorn
    #   ipython
    #   langchain-core
    #   llama-index-core
    #   llama-index-legacy
    #   mixedbread-ai
    #   multidict
    #   openai
    #   opentelemetry-sdk
    #   panel
    #   pinecone-client
    #   pydantic
    #   pydantic-core
    #   pypdf
    #   python-oxmsg
    #   rich
    #   selenium
    #   sqlalchemy
    #   streamlit
    #   torch
    #   typer
    #   typing-inspect
    #   unstructured
    #   uvicorn
typing-inspect==0.9.0
    # via
    #   dataclasses-json
    #   llama-index-core
    #   llama-index-legacy
    #   unstructured-client
tzdata==2024.2
    # via pandas
uc-micro-py==1.0.3
    # via linkify-it-py
ujson==5.10.0
    # via pymilvus
unstructured==0.16.8
    # via -r requirements.txt
unstructured-client==0.28.1
    # via
    #   langchain-unstructured
    #   unstructured
urllib3[socks]==2.2.3
    # via
    #   botocore
    #   kubernetes
    #   pinecone-client
    #   requests
    #   selenium
    #   types-requests
uvicorn[standard]==0.32.1
    # via
    #   chromadb
    #   gradio
uvloop==0.21.0
    # via uvicorn
validators==0.34.0
    # via weaviate-client
voyageai==0.3.1
    # via autorag
watchdog==6.0.0
    # via streamlit
watchfiles==1.0.0
    # via uvicorn
wcwidth==0.2.13
    # via prompt-toolkit
weaviate-client==4.9.4
    # via autorag
webencodings==0.5.1
    # via
    #   bleach
    #   html5lib
websocket-client==1.8.0
    # via
    #   kubernetes
    #   selenium
websockets==12.0
    # via
    #   gradio
    #   gradio-client
    #   uvicorn
werkzeug==3.1.3
    # via
    #   flask
    #   quart
widgetsnbextension==4.0.13
    # via ipywidgets
wrapt==1.17.0
    # via
    #   deprecated
    #   llama-index-core
    #   opentelemetry-instrumentation
    #   unstructured
wsproto==1.2.0
    # via
    #   hypercorn
    #   trio-websocket
xxhash==3.5.0
    # via
    #   datasets
    #   evaluate
xyzservices==2024.9.0
    # via bokeh
yarl==1.18.0
    # via aiohttp
zipp==3.21.0
    # via importlib-metadata

# The following packages are considered to be unsafe in a requirements file:
# setuptools
